
Microsoft Visual Studio Solution File, Format Version 12.00
# Visual Studio 2012
Project("{FAE04EC0-301F-11D3-BF4B-00C04F79EFBC}") = "IEnumerable.Idempotency", "IEnumerable.Idempotency\IEnumerable.Idempotency.csproj", "{539F02A8-86C3-45DE-94B0-2DBACB21D0A1}"
EndProject
Project("{FAE04EC0-301F-11D3-BF4B-00C04F79EFBC}") = "IEnumerable.Demo", "IEnumerable.Demo\IEnumerable.Demo.csproj", "{C761F2AA-CEA7-4424-9189-47F2AD3B36EB}"
EndProject
Global
	GlobalSection(SolutionConfigurationPlatforms) = preSolution
		Debug|x86 = Debug|x86
		Release|x86 = Release|x86
	EndGlobalSection
	GlobalSection(ProjectConfigurationPlatforms) = postSolution
		{539F02A8-86C3-45DE-94B0-2DBACB21D0A1}.Debug|x86.ActiveCfg = Debug|Any CPU
		{539F02A8-86C3-45DE-94B0-2DBACB21D0A1}.Debug|x86.Build.0 = Debug|Any CPU
		{539F02A8-86C3-45DE-94B0-2DBACB21D0A1}.Release|x86.ActiveCfg = Release|Any CPU
		{539F02A8-86C3-45DE-94B0-2DBACB21D0A1}.Release|x86.Build.0 = Release|Any CPU
		{C761F2AA-CEA7-4424-9189-47F2AD3B36EB}.Debug|x86.ActiveCfg = Debug|Any CPU
		{C761F2AA-CEA7-4424-9189-47F2AD3B36EB}.Debug|x86.Build.0 = Debug|Any CPU
		{C761F2AA-CEA7-4424-9189-47F2AD3B36EB}.Release|x86.ActiveCfg = Release|Any CPU
		{C761F2AA-CEA7-4424-9189-47F2AD3B36EB}.Release|x86.Build.0 = Release|Any CPU
	EndGlobalSection
EndGlobal
